PODS:
  - Flutter (1.0.0)
  - replay_kit_launcher (1.0.0):
    - Flutter

DEPENDENCIES:
  - Flutter (from `Flutter`)
  - replay_kit_launcher (from `.symlinks/plugins/replay_kit_launcher/ios`)

EXTERNAL SOURCES:
  Flutter:
    :path: Flutter
  replay_kit_launcher:
    :path: ".symlinks/plugins/replay_kit_launcher/ios"

SPEC CHECKSUMS:
  Flutter: 50d75fe2f02b26cc09d224853bb45737f8b3214a
  replay_kit_launcher: 828739da18c9785d5e9aafd4f075ea11d6b61499

PODFILE CHECKSUM: 8e679eca47255a8ca8067c4c67aab20e64cb974d

COCOAPODS: 1.11.2
