PODS:
  - Flutter (1.0.0)
  - replay_kit_launcher (0.3.0):
    - Flutter

DEPENDENCIES:
  - Flutter (from `Flutter`)
  - replay_kit_launcher (from `.symlinks/plugins/replay_kit_launcher/ios`)

EXTERNAL SOURCES:
  Flutter:
    :path: Flutter
  replay_kit_launcher:
    :path: ".symlinks/plugins/replay_kit_launcher/ios"

SPEC CHECKSUMS:
  Flutter: 434fef37c0980e73bb6479ef766c45957d4b510c
  replay_kit_launcher: 9c6874fe17ce278a6f0e99e3698acf194480e9a2

PODFILE CHECKSUM: 8e679eca47255a8ca8067c4c67aab20e64cb974d

COCOAPODS: 1.10.1
