PODS:
  - Flutter (1.0.0)
  - replay_kit_launcher (1.0.0):
    - Flutter

DEPENDENCIES:
  - Flutter (from `Flutter`)
  - replay_kit_launcher (from `.symlinks/plugins/replay_kit_launcher/ios`)

EXTERNAL SOURCES:
  Flutter:
    :path: Flutter
  replay_kit_launcher:
    :path: ".symlinks/plugins/replay_kit_launcher/ios"

SPEC CHECKSUMS:
  Flutter: f04841e97a9d0b0a8025694d0796dd46242b2854
  replay_kit_launcher: 828739da18c9785d5e9aafd4f075ea11d6b61499

PODFILE CHECKSUM: 663715e941f9adb426e33bf9376914006f9ea95b

COCOAPODS: 1.11.3
